
Microsoft Visual Studio Solution File, Format Version 12.00
# Visual Studio Version 17
VisualStudioVersion = 17.14.36623.8
MinimumVisualStudioVersion = 10.0.40219.1
Project("{2150E333-8FDC-42A3-9474-1A3956D46DE8}") = "Chapter00", "Chapter00", "{DDB4EF12-CC4E-5E88-E6FC-71A802F4DE97}"
EndProject
Project("{FAE04EC0-301F-11D3-BF4B-00C04F79EFBC}") = "Sample0416", "Chapter00\Sample00\Sample0416.csproj", "{C4161796-9A0D-433D-8D6A-F1EC7C9C4875}"
	ProjectSection(ProjectDependencies) = postProject
		{521551B8-6763-4E11-B418-846A90D124EA} = {521551B8-6763-4E11-B418-846A90D124EA}
	EndProjectSection
EndProject
Project("{FAE04EC0-301F-11D3-BF4B-00C04F79EFBC}") = "sample0415", "Chapter00\sample0415\sample0415\sample0415.csproj", "{D0F00D84-AD20-C5D6-67FE-85D6CB59A7CE}"
EndProject
Project("{FAE04EC0-301F-11D3-BF4B-00C04F79EFBC}") = "Sample0413", "Chapter00\Sample0413\Sample0413\Sample0413.csproj", "{EB11C1AF-3BBE-9D8B-B13B-CEF382F22312}"
EndProject
Project("{2150E333-8FDC-42A3-9474-1A3956D46DE8}") = "Chapter01", "Chapter01", "{9ED8AFCD-5186-4AB3-86CB-AB9C94C4248F}"
EndProject
Project("{2150E333-8FDC-42A3-9474-1A3956D46DE8}") = "Chapter02", "Chapter02", "{961982D7-7C68-48B1-A9E0-753BCF6B9E8E}"
EndProject
Project("{2150E333-8FDC-42A3-9474-1A3956D46DE8}") = "距離換算プログラム", "距離換算プログラム", "{8E7E56B3-2162-4EC2-8AA9-05EE4FD427AA}"
EndProject
Project("{FAE04EC0-301F-11D3-BF4B-00C04F79EFBC}") = "DistanceConveter", "Chapter02\距離換算プログラム\DistanceConveter\DistanceConveter.csproj", "{4BEFB8EB-65BB-4DF9-8437-D23EDEE9133F}"
EndProject
Project("{2150E333-8FDC-42A3-9474-1A3956D46DE8}") = "Chapter04", "Chapter04", "{09B80278-443F-45BA-A312-45689FAF9E9C}"
EndProject
Project("{2150E333-8FDC-42A3-9474-1A3956D46DE8}") = "P108＿文字列を数値に変換する", "P108＿文字列を数値に変換する", "{C5C050BC-E11F-45F1-A85F-943BDB7D0DC8}"
EndProject
Project("{FAE04EC0-301F-11D3-BF4B-00C04F79EFBC}") = "code4_36", "Chapter04\文字列を数値に変換する\code4_36\code4_36.csproj", "{E8390869-552F-4AC8-99BB-E8B4059CDD66}"
EndProject
Project("{2150E333-8FDC-42A3-9474-1A3956D46DE8}") = "売上集計プログラム", "売上集計プログラム", "{086A982F-9E18-47E3-9ACF-69911109536A}"
EndProject
Project("{FAE04EC0-301F-11D3-BF4B-00C04F79EFBC}") = "SalesCalculator", "Chapter02\売上集計プログラム\SalesCalculator\SalesCalculator.csproj", "{521551B8-6763-4E11-B418-846A90D124EA}"
EndProject
Project("{2150E333-8FDC-42A3-9474-1A3956D46DE8}") = "演習問題", "演習問題", "{9F202F9B-CE97-49B3-8E39-E1F2F68DDD2C}"
EndProject
Project("{FAE04EC0-301F-11D3-BF4B-00C04F79EFBC}") = "Exercise01", "Chapter02\演習問題\Exercise01\Exercise01.csproj", "{3EFDBADB-0BDA-4018-BCA3-57A0A65174CD}"
EndProject
Project("{FAE04EC0-301F-11D3-BF4B-00C04F79EFBC}") = "ConsoleApp1", "Chapter02\演習問題\exercise02\ConsoleApp1\ConsoleApp1.csproj", "{0B357A72-0654-4D90-9496-0D9EFFDF436F}"
EndProject
Project("{FAE04EC0-301F-11D3-BF4B-00C04F79EFBC}") = "Exercise002", "Chapter02\演習問題\exercise02\ConsoleApp2\ConsoleApp3\Exercise002.csproj", "{6621917C-C700-403E-BCDB-F242B8FAA1E0}"
EndProject
Project("{2150E333-8FDC-42A3-9474-1A3956D46DE8}") = "新しいフォルダー1", "新しいフォルダー1", "{9346AA45-BA75-41D4-8E09-5022E8DE1374}"
EndProject
Project("{2150E333-8FDC-42A3-9474-1A3956D46DE8}") = "Chapter03", "Chapter03", "{09846DCC-C72D-45C5-BBE7-548DAD6FB885}"
EndProject
Project("{2150E333-8FDC-42A3-9474-1A3956D46DE8}") = "ラムダ式とLINQ", "ラムダ式とLINQ", "{AA9E9CE7-0DAD-45C6-BFC8-5AAAD3270B83}"
EndProject
Project("{FAE04EC0-301F-11D3-BF4B-00C04F79EFBC}") = "Section01", "Chapter03\ラムダ式とLINQ\Section01\Section01.csproj", "{A1C05B43-09CE-47D2-B66B-7DF81D507471}"
EndProject
Project("{FAE04EC0-301F-11D3-BF4B-00C04F79EFBC}") = "Section04", "Chapter03\ラムダ式とLINQ\Section04\Section04.csproj", "{A1C464B3-761C-4094-B4AA-3F489031FC2E}"
EndProject
Project("{2150E333-8FDC-42A3-9474-1A3956D46DE8}") = "演習問題", "演習問題", "{0BC35489-1648-4EC0-8379-DC89EF09943D}"
EndProject
Project("{FAE04EC0-301F-11D3-BF4B-00C04F79EFBC}") = "exercise01", "Chapter03\演習問題\exercise02\exercise01.csproj", "{46FAD4C9-C320-4897-8863-3C764C121F7C}"
EndProject
Project("{FAE04EC0-301F-11D3-BF4B-00C04F79EFBC}") = "ConsoleApp2", "Chapter03\exercise02\ConsoleApp2\ConsoleApp2.csproj", "{50E2D376-630A-474A-BD04-E25998770653}"
EndProject
Project("{2150E333-8FDC-42A3-9474-1A3956D46DE8}") = "p098_nullに関するイディオム", "p098_nullに関するイディオム", "{6EEB03CD-0CF9-45F6-89D6-DF097F2C09B0}"
EndProject
Project("{FAE04EC0-301F-11D3-BF4B-00C04F79EFBC}") = "section04", "Chapter04\nullに関するイディオム\section04\section04.csproj", "{B01C78E9-532E-447B-94D9-12771A8E1F82}"
EndProject
Project("{2150E333-8FDC-42A3-9474-1A3956D46DE8}") = "演習問題", "演習問題", "{E1215F02-3937-454F-B2F3-011270A2DAD5}"
EndProject
Project("{FAE04EC0-301F-11D3-BF4B-00C04F79EFBC}") = "Exercise01", "Chapter04\演習問題\Exercise01\Exercise01.csproj", "{175860D7-227B-4DAC-97F2-A6483BA01E1B}"
EndProject
Project("{FAE04EC0-301F-11D3-BF4B-00C04F79EFBC}") = "Exercise02", "Chapter04\演習問題\Exercise02\Exercise02\Exercise02.csproj", "{304B4814-6C77-4457-98CC-A4552A267BA8}"
EndProject
Project("{2150E333-8FDC-42A3-9474-1A3956D46DE8}") = "Chapter05", "Chapter05", "{F9245D63-4497-470B-97EA-8363A8136821}"
EndProject
Project("{2150E333-8FDC-42A3-9474-1A3956D46DE8}") = "プロパティに関するイディオム", "プロパティに関するイディオム", "{07B15109-F900-490A-AE27-57DC5A5EED7C}"
EndProject
Project("{FAE04EC0-301F-11D3-BF4B-00C04F79EFBC}") = "section01", "Chapter05\プロパティに関するイディオム\section01\section01.csproj", "{B178DAB5-DF67-4E54-9949-4042829AADFD}"
EndProject
Project("{2150E333-8FDC-42A3-9474-1A3956D46DE8}") = "メソッドに関するイディオム", "メソッドに関するイディオム", "{FFEF34F2-AFF5-47AD-8C6D-DBFA46440A83}"
EndProject
Project("{FAE04EC0-301F-11D3-BF4B-00C04F79EFBC}") = "section02", "Chapter05\メソッドに関するイディオム\section02\section02.csproj", "{D0B5D7B6-EF22-4E1F-8C93-385619A1EA83}"
EndProject
Project("{2150E333-8FDC-42A3-9474-1A3956D46DE8}") = "演習問題", "演習問題", "{1B07AAC7-464F-4C6F-8116-5BD15BBAD463}"
EndProject
Project("{FAE04EC0-301F-11D3-BF4B-00C04F79EFBC}") = "Exercise01", "Chapter05\演習問題\Exercise01\Exercise01.csproj", "{16EE9D81-EBCC-4D00-936C-DA2BD512F037}"
EndProject
Project("{FAE04EC0-301F-11D3-BF4B-00C04F79EFBC}") = "Exercise02", "Chapter05\演習問題\Exercise02\Exercise02.csproj", "{A3ACA33D-6226-7668-2993-2FC9EA8C783B}"
EndProject
Project("{FAE04EC0-301F-11D3-BF4B-00C04F79EFBC}") = "Exercise03", "..\..\..\Desktop\演習問題\Exercise03\Exercise03.csproj", "{BB2A6802-8D4C-99D4-8A9B-59B78100B639}"
EndProject
Global
	GlobalSection(SolutionConfigurationPlatforms) = preSolution
		Debug|Any CPU = Debug|Any CPU
		Release|Any CPU = Release|Any CPU
	EndGlobalSection
	GlobalSection(ProjectConfigurationPlatforms) = postSolution
		{C4161796-9A0D-433D-8D6A-F1EC7C9C4875}.Debug|Any CPU.ActiveCfg = Debug|Any CPU
		{C4161796-9A0D-433D-8D6A-F1EC7C9C4875}.Debug|Any CPU.Build.0 = Debug|Any CPU
		{C4161796-9A0D-433D-8D6A-F1EC7C9C4875}.Release|Any CPU.ActiveCfg = Release|Any CPU
		{C4161796-9A0D-433D-8D6A-F1EC7C9C4875}.Release|Any CPU.Build.0 = Release|Any CPU
		{D0F00D84-AD20-C5D6-67FE-85D6CB59A7CE}.Debug|Any CPU.ActiveCfg = Debug|Any CPU
		{D0F00D84-AD20-C5D6-67FE-85D6CB59A7CE}.Debug|Any CPU.Build.0 = Debug|Any CPU
		{D0F00D84-AD20-C5D6-67FE-85D6CB59A7CE}.Release|Any CPU.ActiveCfg = Release|Any CPU
		{D0F00D84-AD20-C5D6-67FE-85D6CB59A7CE}.Release|Any CPU.Build.0 = Release|Any CPU
		{EB11C1AF-3BBE-9D8B-B13B-CEF382F22312}.Debug|Any CPU.ActiveCfg = Debug|Any CPU
		{EB11C1AF-3BBE-9D8B-B13B-CEF382F22312}.Debug|Any CPU.Build.0 = Debug|Any CPU
		{EB11C1AF-3BBE-9D8B-B13B-CEF382F22312}.Release|Any CPU.ActiveCfg = Release|Any CPU
		{EB11C1AF-3BBE-9D8B-B13B-CEF382F22312}.Release|Any CPU.Build.0 = Release|Any CPU
		{4BEFB8EB-65BB-4DF9-8437-D23EDEE9133F}.Debug|Any CPU.ActiveCfg = Debug|Any CPU
		{4BEFB8EB-65BB-4DF9-8437-D23EDEE9133F}.Debug|Any CPU.Build.0 = Debug|Any CPU
		{4BEFB8EB-65BB-4DF9-8437-D23EDEE9133F}.Release|Any CPU.ActiveCfg = Release|Any CPU
		{4BEFB8EB-65BB-4DF9-8437-D23EDEE9133F}.Release|Any CPU.Build.0 = Release|Any CPU
		{E8390869-552F-4AC8-99BB-E8B4059CDD66}.Debug|Any CPU.ActiveCfg = Debug|Any CPU
		{E8390869-552F-4AC8-99BB-E8B4059CDD66}.Debug|Any CPU.Build.0 = Debug|Any CPU
		{E8390869-552F-4AC8-99BB-E8B4059CDD66}.Release|Any CPU.ActiveCfg = Release|Any CPU
		{E8390869-552F-4AC8-99BB-E8B4059CDD66}.Release|Any CPU.Build.0 = Release|Any CPU
		{521551B8-6763-4E11-B418-846A90D124EA}.Debug|Any CPU.ActiveCfg = Debug|Any CPU
		{521551B8-6763-4E11-B418-846A90D124EA}.Debug|Any CPU.Build.0 = Debug|Any CPU
		{521551B8-6763-4E11-B418-846A90D124EA}.Release|Any CPU.ActiveCfg = Release|Any CPU
		{521551B8-6763-4E11-B418-846A90D124EA}.Release|Any CPU.Build.0 = Release|Any CPU
		{3EFDBADB-0BDA-4018-BCA3-57A0A65174CD}.Debug|Any CPU.ActiveCfg = Debug|Any CPU
		{3EFDBADB-0BDA-4018-BCA3-57A0A65174CD}.Debug|Any CPU.Build.0 = Debug|Any CPU
		{3EFDBADB-0BDA-4018-BCA3-57A0A65174CD}.Release|Any CPU.ActiveCfg = Release|Any CPU
		{3EFDBADB-0BDA-4018-BCA3-57A0A65174CD}.Release|Any CPU.Build.0 = Release|Any CPU
		{0B357A72-0654-4D90-9496-0D9EFFDF436F}.Debug|Any CPU.ActiveCfg = Debug|Any CPU
		{0B357A72-0654-4D90-9496-0D9EFFDF436F}.Debug|Any CPU.Build.0 = Debug|Any CPU
		{0B357A72-0654-4D90-9496-0D9EFFDF436F}.Release|Any CPU.ActiveCfg = Release|Any CPU
		{0B357A72-0654-4D90-9496-0D9EFFDF436F}.Release|Any CPU.Build.0 = Release|Any CPU
		{6621917C-C700-403E-BCDB-F242B8FAA1E0}.Debug|Any CPU.ActiveCfg = Debug|Any CPU
		{6621917C-C700-403E-BCDB-F242B8FAA1E0}.Debug|Any CPU.Build.0 = Debug|Any CPU
		{6621917C-C700-403E-BCDB-F242B8FAA1E0}.Release|Any CPU.ActiveCfg = Release|Any CPU
		{6621917C-C700-403E-BCDB-F242B8FAA1E0}.Release|Any CPU.Build.0 = Release|Any CPU
		{A1C05B43-09CE-47D2-B66B-7DF81D507471}.Debug|Any CPU.ActiveCfg = Debug|Any CPU
		{A1C05B43-09CE-47D2-B66B-7DF81D507471}.Debug|Any CPU.Build.0 = Debug|Any CPU
		{A1C05B43-09CE-47D2-B66B-7DF81D507471}.Release|Any CPU.ActiveCfg = Release|Any CPU
		{A1C05B43-09CE-47D2-B66B-7DF81D507471}.Release|Any CPU.Build.0 = Release|Any CPU
		{A1C464B3-761C-4094-B4AA-3F489031FC2E}.Debug|Any CPU.ActiveCfg = Debug|Any CPU
		{A1C464B3-761C-4094-B4AA-3F489031FC2E}.Debug|Any CPU.Build.0 = Debug|Any CPU
		{A1C464B3-761C-4094-B4AA-3F489031FC2E}.Release|Any CPU.ActiveCfg = Release|Any CPU
		{A1C464B3-761C-4094-B4AA-3F489031FC2E}.Release|Any CPU.Build.0 = Release|Any CPU
		{46FAD4C9-C320-4897-8863-3C764C121F7C}.Debug|Any CPU.ActiveCfg = Debug|Any CPU
		{46FAD4C9-C320-4897-8863-3C764C121F7C}.Debug|Any CPU.Build.0 = Debug|Any CPU
		{46FAD4C9-C320-4897-8863-3C764C121F7C}.Release|Any CPU.ActiveCfg = Release|Any CPU
		{46FAD4C9-C320-4897-8863-3C764C121F7C}.Release|Any CPU.Build.0 = Release|Any CPU
		{50E2D376-630A-474A-BD04-E25998770653}.Debug|Any CPU.ActiveCfg = Debug|Any CPU
		{50E2D376-630A-474A-BD04-E25998770653}.Debug|Any CPU.Build.0 = Debug|Any CPU
		{50E2D376-630A-474A-BD04-E25998770653}.Release|Any CPU.ActiveCfg = Release|Any CPU
		{50E2D376-630A-474A-BD04-E25998770653}.Release|Any CPU.Build.0 = Release|Any CPU
		{B01C78E9-532E-447B-94D9-12771A8E1F82}.Debug|Any CPU.ActiveCfg = Debug|Any CPU
		{B01C78E9-532E-447B-94D9-12771A8E1F82}.Debug|Any CPU.Build.0 = Debug|Any CPU
		{B01C78E9-532E-447B-94D9-12771A8E1F82}.Release|Any CPU.ActiveCfg = Release|Any CPU
		{B01C78E9-532E-447B-94D9-12771A8E1F82}.Release|Any CPU.Build.0 = Release|Any CPU
		{175860D7-227B-4DAC-97F2-A6483BA01E1B}.Debug|Any CPU.ActiveCfg = Debug|Any CPU
		{175860D7-227B-4DAC-97F2-A6483BA01E1B}.Debug|Any CPU.Build.0 = Debug|Any CPU
		{175860D7-227B-4DAC-97F2-A6483BA01E1B}.Release|Any CPU.ActiveCfg = Release|Any CPU
		{175860D7-227B-4DAC-97F2-A6483BA01E1B}.Release|Any CPU.Build.0 = Release|Any CPU
		{304B4814-6C77-4457-98CC-A4552A267BA8}.Debug|Any CPU.ActiveCfg = Debug|Any CPU
		{304B4814-6C77-4457-98CC-A4552A267BA8}.Debug|Any CPU.Build.0 = Debug|Any CPU
		{304B4814-6C77-4457-98CC-A4552A267BA8}.Release|Any CPU.ActiveCfg = Release|Any CPU
		{304B4814-6C77-4457-98CC-A4552A267BA8}.Release|Any CPU.Build.0 = Release|Any CPU
		{B178DAB5-DF67-4E54-9949-4042829AADFD}.Debug|Any CPU.ActiveCfg = Debug|Any CPU
		{B178DAB5-DF67-4E54-9949-4042829AADFD}.Debug|Any CPU.Build.0 = Debug|Any CPU
		{B178DAB5-DF67-4E54-9949-4042829AADFD}.Release|Any CPU.ActiveCfg = Release|Any CPU
		{B178DAB5-DF67-4E54-9949-4042829AADFD}.Release|Any CPU.Build.0 = Release|Any CPU
		{D0B5D7B6-EF22-4E1F-8C93-385619A1EA83}.Debug|Any CPU.ActiveCfg = Debug|Any CPU
		{D0B5D7B6-EF22-4E1F-8C93-385619A1EA83}.Debug|Any CPU.Build.0 = Debug|Any CPU
		{D0B5D7B6-EF22-4E1F-8C93-385619A1EA83}.Release|Any CPU.ActiveCfg = Release|Any CPU
		{D0B5D7B6-EF22-4E1F-8C93-385619A1EA83}.Release|Any CPU.Build.0 = Release|Any CPU
		{16EE9D81-EBCC-4D00-936C-DA2BD512F037}.Debug|Any CPU.ActiveCfg = Debug|Any CPU
		{16EE9D81-EBCC-4D00-936C-DA2BD512F037}.Debug|Any CPU.Build.0 = Debug|Any CPU
		{16EE9D81-EBCC-4D00-936C-DA2BD512F037}.Release|Any CPU.ActiveCfg = Release|Any CPU
		{16EE9D81-EBCC-4D00-936C-DA2BD512F037}.Release|Any CPU.Build.0 = Release|Any CPU
		{A3ACA33D-6226-7668-2993-2FC9EA8C783B}.Debug|Any CPU.ActiveCfg = Debug|Any CPU
		{A3ACA33D-6226-7668-2993-2FC9EA8C783B}.Debug|Any CPU.Build.0 = Debug|Any CPU
		{A3ACA33D-6226-7668-2993-2FC9EA8C783B}.Release|Any CPU.ActiveCfg = Release|Any CPU
		{A3ACA33D-6226-7668-2993-2FC9EA8C783B}.Release|Any CPU.Build.0 = Release|Any CPU
		{BB2A6802-8D4C-99D4-8A9B-59B78100B639}.Debug|Any CPU.ActiveCfg = Debug|Any CPU
		{BB2A6802-8D4C-99D4-8A9B-59B78100B639}.Debug|Any CPU.Build.0 = Debug|Any CPU
		{BB2A6802-8D4C-99D4-8A9B-59B78100B639}.Release|Any CPU.ActiveCfg = Release|Any CPU
		{BB2A6802-8D4C-99D4-8A9B-59B78100B639}.Release|Any CPU.Build.0 = Release|Any CPU
	EndGlobalSection
	GlobalSection(SolutionProperties) = preSolution
		HideSolutionNode = FALSE
	EndGlobalSection
	GlobalSection(NestedProjects) = preSolution
		{C4161796-9A0D-433D-8D6A-F1EC7C9C4875} = {DDB4EF12-CC4E-5E88-E6FC-71A802F4DE97}
		{D0F00D84-AD20-C5D6-67FE-85D6CB59A7CE} = {DDB4EF12-CC4E-5E88-E6FC-71A802F4DE97}
		{EB11C1AF-3BBE-9D8B-B13B-CEF382F22312} = {DDB4EF12-CC4E-5E88-E6FC-71A802F4DE97}
		{8E7E56B3-2162-4EC2-8AA9-05EE4FD427AA} = {961982D7-7C68-48B1-A9E0-753BCF6B9E8E}
		{4BEFB8EB-65BB-4DF9-8437-D23EDEE9133F} = {8E7E56B3-2162-4EC2-8AA9-05EE4FD427AA}
		{C5C050BC-E11F-45F1-A85F-943BDB7D0DC8} = {09B80278-443F-45BA-A312-45689FAF9E9C}
		{E8390869-552F-4AC8-99BB-E8B4059CDD66} = {C5C050BC-E11F-45F1-A85F-943BDB7D0DC8}
		{086A982F-9E18-47E3-9ACF-69911109536A} = {961982D7-7C68-48B1-A9E0-753BCF6B9E8E}
		{521551B8-6763-4E11-B418-846A90D124EA} = {086A982F-9E18-47E3-9ACF-69911109536A}
		{9F202F9B-CE97-49B3-8E39-E1F2F68DDD2C} = {961982D7-7C68-48B1-A9E0-753BCF6B9E8E}
		{3EFDBADB-0BDA-4018-BCA3-57A0A65174CD} = {9F202F9B-CE97-49B3-8E39-E1F2F68DDD2C}
		{0B357A72-0654-4D90-9496-0D9EFFDF436F} = {961982D7-7C68-48B1-A9E0-753BCF6B9E8E}
		{6621917C-C700-403E-BCDB-F242B8FAA1E0} = {9F202F9B-CE97-49B3-8E39-E1F2F68DDD2C}
		{9346AA45-BA75-41D4-8E09-5022E8DE1374} = {961982D7-7C68-48B1-A9E0-753BCF6B9E8E}
		{AA9E9CE7-0DAD-45C6-BFC8-5AAAD3270B83} = {09B80278-443F-45BA-A312-45689FAF9E9C}
		{A1C05B43-09CE-47D2-B66B-7DF81D507471} = {AA9E9CE7-0DAD-45C6-BFC8-5AAAD3270B83}
		{A1C464B3-761C-4094-B4AA-3F489031FC2E} = {AA9E9CE7-0DAD-45C6-BFC8-5AAAD3270B83}
		{0BC35489-1648-4EC0-8379-DC89EF09943D} = {09846DCC-C72D-45C5-BBE7-548DAD6FB885}
		{46FAD4C9-C320-4897-8863-3C764C121F7C} = {0BC35489-1648-4EC0-8379-DC89EF09943D}
		{50E2D376-630A-474A-BD04-E25998770653} = {0BC35489-1648-4EC0-8379-DC89EF09943D}
		{6EEB03CD-0CF9-45F6-89D6-DF097F2C09B0} = {09B80278-443F-45BA-A312-45689FAF9E9C}
		{B01C78E9-532E-447B-94D9-12771A8E1F82} = {6EEB03CD-0CF9-45F6-89D6-DF097F2C09B0}
		{E1215F02-3937-454F-B2F3-011270A2DAD5} = {09B80278-443F-45BA-A312-45689FAF9E9C}
		{175860D7-227B-4DAC-97F2-A6483BA01E1B} = {E1215F02-3937-454F-B2F3-011270A2DAD5}
		{304B4814-6C77-4457-98CC-A4552A267BA8} = {E1215F02-3937-454F-B2F3-011270A2DAD5}
		{07B15109-F900-490A-AE27-57DC5A5EED7C} = {F9245D63-4497-470B-97EA-8363A8136821}
		{B178DAB5-DF67-4E54-9949-4042829AADFD} = {07B15109-F900-490A-AE27-57DC5A5EED7C}
		{FFEF34F2-AFF5-47AD-8C6D-DBFA46440A83} = {F9245D63-4497-470B-97EA-8363A8136821}
		{D0B5D7B6-EF22-4E1F-8C93-385619A1EA83} = {FFEF34F2-AFF5-47AD-8C6D-DBFA46440A83}
		{1B07AAC7-464F-4C6F-8116-5BD15BBAD463} = {F9245D63-4497-470B-97EA-8363A8136821}
		{16EE9D81-EBCC-4D00-936C-DA2BD512F037} = {1B07AAC7-464F-4C6F-8116-5BD15BBAD463}
		{A3ACA33D-6226-7668-2993-2FC9EA8C783B} = {1B07AAC7-464F-4C6F-8116-5BD15BBAD463}
		{BB2A6802-8D4C-99D4-8A9B-59B78100B639} = {1B07AAC7-464F-4C6F-8116-5BD15BBAD463}
	EndGlobalSection
	GlobalSection(ExtensibilityGlobals) = postSolution
		SolutionGuid = {070AAF85-001F-4001-9160-25E25897BD7A}
	EndGlobalSection
EndGlobal
